// !$*UTF8*$!
{
	archiveVersion = 1;
	classes = {
	};
	objectVersion = 53;
	objects = {

/* Begin PBXBuildFile section */
		3BEBF0ACDA622C004F004207 /* Pods_BallsDemo.framework in Frameworks */ = {isa = PBXBuildFile; fileRef = 4B9016CD04F89505C0B68175 /* Pods_BallsDemo.framework */; };
		E5901BC927990C0000D37E38 /* OKNetManager.swift in Sources */ = {isa = PBXBuildFile; fileRef = E5901BC827990C0000D37E38 /* OKNetManager.swift */; };
		E5901BCB2799467900D37E38 /* BallBoxViewController.swift in Sources */ = {isa = PBXBuildFile; fileRef = E5901BCA2799467900D37E38 /* BallBoxViewController.swift */; };
		E5A7566C27915C900008CCAF /* AppDelegate.swift in Sources */ = {isa = PBXBuildFile; fileRef = E5A7566B27915C900008CCAF /* AppDelegate.swift */; };
		E5A7566E27915C900008CCAF /* GameScene.sks in Resources */ = {isa = PBXBuildFile; fileRef = E5A7566D27915C900008CCAF /* GameScene.sks */; };
		E5A7567027915C900008CCAF /* Actions.sks in Resources */ = {isa = PBXBuildFile; fileRef = E5A7566F27915C900008CCAF /* Actions.sks */; };
		E5A7567227915C900008CCAF /* GameScene.swift in Sources */ = {isa = PBXBuildFile; fileRef = E5A7567127915C900008CCAF /* GameScene.swift */; };
		E5A7567427915C900008CCAF /* GameViewController.swift in Sources */ = {isa = PBXBuildFile; fileRef = E5A7567327915C900008CCAF /* GameViewController.swift */; };
		E5A7567727915C900008CCAF /* Main.storyboard in Resources */ = {isa = PBXBuildFile; fileRef = E5A7567527915C900008CCAF /* Main.storyboard */; };
		E5A7567927915C920008CCAF /* Assets.xcassets in Resources */ = {isa = PBXBuildFile; fileRef = E5A7567827915C920008CCAF /* Assets.xcassets */; };
		E5A7567C27915C920008CCAF /* LaunchScreen.storyboard in Resources */ = {isa = PBXBuildFile; fileRef = E5A7567A27915C920008CCAF /* LaunchScreen.storyboard */; };
		E5E286342797EA3600211429 /* Fire.sks in Resources */ = {isa = PBXBuildFile; fileRef = E5E286322797EA3600211429 /* Fire.sks */; };
		E5E286352797EA3600211429 /* SharpMagic.sks in Resources */ = {isa = PBXBuildFile; fileRef = E5E286332797EA3600211429 /* SharpMagic.sks */; };
		E5E286372797EDCC00211429 /* spark.png in Resources */ = {isa = PBXBuildFile; fileRef = E5E286362797EDCC00211429 /* spark.png */; };
		F40FEBEF27AA6FBD00FC6465 /* RoomManager.swift in Sources */ = {isa = PBXBuildFile; fileRef = F40FEBEE27AA6FBD00FC6465 /* RoomManager.swift */; };
		F40FEBF427AB7A2100FC6465 /* NodeModel.swift in Sources */ = {isa = PBXBuildFile; fileRef = F40FEBF327AB7A2100FC6465 /* NodeModel.swift */; };
/* End PBXBuildFile section */

/* Begin PBXFileReference section */
		3F844E1FB0B1FB2D2D94B268 /* Pods-BallsDemo.release.xcconfig */ = {isa = PBXFileReference; includeInIndex = 1; lastKnownFileType = text.xcconfig; name = "Pods-BallsDemo.release.xcconfig"; path = "Target Support Files/Pods-BallsDemo/Pods-BallsDemo.release.xcconfig"; sourceTree = "<group>"; };
		4B9016CD04F89505C0B68175 /* Pods_BallsDemo.framework */ = {isa = PBXFileReference; explicitFileType = wrapper.framework; includeInIndex = 0; path = Pods_BallsDemo.framework; sourceTree = BUILT_PRODUCTS_DIR; };
		7717EB8D3BEF80C2ADE177F0 /* Pods-BallsDemo.debug.xcconfig */ = {isa = PBXFileReference; includeInIndex = 1; lastKnownFileType = text.xcconfig; name = "Pods-BallsDemo.debug.xcconfig"; path = "Target Support Files/Pods-BallsDemo/Pods-BallsDemo.debug.xcconfig"; sourceTree = "<group>"; };
		E5901BC827990C0000D37E38 /* OKNetManager.swift */ = {isa = PBXFileReference; lastKnownFileType = sourcecode.swift; path = OKNetManager.swift; sourceTree = "<group>"; };
		E5901BCA2799467900D37E38 /* BallBoxViewController.swift */ = {isa = PBXFileReference; lastKnownFileType = sourcecode.swift; path = BallBoxViewController.swift; sourceTree = "<group>"; };
		E5A7566827915C900008CCAF /* BallsDemo.app */ = {isa = PBXFileReference; explicitFileType = wrapper.application; includeInIndex = 0; path = BallsDemo.app; sourceTree = BUILT_PRODUCTS_DIR; };
		E5A7566B27915C900008CCAF /* AppDelegate.swift */ = {isa = PBXFileReference; lastKnownFileType = sourcecode.swift; path = AppDelegate.swift; sourceTree = "<group>"; };
		E5A7566D27915C900008CCAF /* GameScene.sks */ = {isa = PBXFileReference; lastKnownFileType = file.sks; path = GameScene.sks; sourceTree = "<group>"; };
		E5A7566F27915C900008CCAF /* Actions.sks */ = {isa = PBXFileReference; lastKnownFileType = file.sks; path = Actions.sks; sourceTree = "<group>"; };
		E5A7567127915C900008CCAF /* GameScene.swift */ = {isa = PBXFileReference; lastKnownFileType = sourcecode.swift; path = GameScene.swift; sourceTree = "<group>"; };
		E5A7567327915C900008CCAF /* GameViewController.swift */ = {isa = PBXFileReference; lastKnownFileType = sourcecode.swift; path = GameViewController.swift; sourceTree = "<group>"; };
		E5A7567627915C900008CCAF /* Base */ = {isa = PBXFileReference; lastKnownFileType = file.storyboard; name = Base; path = Base.lproj/Main.storyboard; sourceTree = "<group>"; };
		E5A7567827915C920008CCAF /* Assets.xcassets */ = {isa = PBXFileReference; lastKnownFileType = folder.assetcatalog; path = Assets.xcassets; sourceTree = "<group>"; };
		E5A7567B27915C920008CCAF /* Base */ = {isa = PBXFileReference; lastKnownFileType = file.storyboard; name = Base; path = Base.lproj/LaunchScreen.storyboard; sourceTree = "<group>"; };
		E5E286322797EA3600211429 /* Fire.sks */ = {isa = PBXFileReference; lastKnownFileType = file.sks; path = Fire.sks; sourceTree = "<group>"; };
		E5E286332797EA3600211429 /* SharpMagic.sks */ = {isa = PBXFileReference; lastKnownFileType = file.sks; path = SharpMagic.sks; sourceTree = "<group>"; };
		E5E286362797EDCC00211429 /* spark.png */ = {isa = PBXFileReference; lastKnownFileType = image.png; path = spark.png; sourceTree = "<group>"; };
		F40FEBEE27AA6FBD00FC6465 /* RoomManager.swift */ = {isa = PBXFileReference; lastKnownFileType = sourcecode.swift; path = RoomManager.swift; sourceTree = "<group>"; };
		F40FEBF327AB7A2100FC6465 /* NodeModel.swift */ = {isa = PBXFileReference; lastKnownFileType = sourcecode.swift; path = NodeModel.swift; sourceTree = "<group>"; };
/* End PBXFileReference section */

/* Begin PBXFrameworksBuildPhase section */
		E5A7566527915C900008CCAF /* Frameworks */ = {
			isa = PBXFrameworksBuildPhase;
			buildActionMask = 2147483647;
			files = (
				3BEBF0ACDA622C004F004207 /* Pods_BallsDemo.framework in Frameworks */,
			);
			runOnlyForDeploymentPostprocessing = 0;
		};
/* End PBXFrameworksBuildPhase section */

/* Begin PBXGroup section */
		021D356AEA8AE4C0764C20AE /* Frameworks */ = {
			isa = PBXGroup;
			children = (
				4B9016CD04F89505C0B68175 /* Pods_BallsDemo.framework */,
			);
			name = Frameworks;
			sourceTree = "<group>";
		};
		E5A7565F27915C900008CCAF = {
			isa = PBXGroup;
			children = (
				E5A7566A27915C900008CCAF /* BallsDemo */,
				E5A7566927915C900008CCAF /* Products */,
				FB7EE275134618F6633E4B32 /* Pods */,
				021D356AEA8AE4C0764C20AE /* Frameworks */,
			);
			sourceTree = "<group>";
		};
		E5A7566927915C900008CCAF /* Products */ = {
			isa = PBXGroup;
			children = (
				E5A7566827915C900008CCAF /* BallsDemo.app */,
			);
			name = Products;
			sourceTree = "<group>";
		};
		E5A7566A27915C900008CCAF /* BallsDemo */ = {
			isa = PBXGroup;
			children = (
				F40FEBF027AB729D00FC6465 /* Model */,
				F40FEBED27AA6F8800FC6465 /* Room */,
				E5EE8A95279907D00067B022 /* Net */,
				E5E286362797EDCC00211429 /* spark.png */,
				E5E286322797EA3600211429 /* Fire.sks */,
				E5E286332797EA3600211429 /* SharpMagic.sks */,
				E5A7566B27915C900008CCAF /* AppDelegate.swift */,
				E5A7566D27915C900008CCAF /* GameScene.sks */,
				E5A7566F27915C900008CCAF /* Actions.sks */,
				E5A7567127915C900008CCAF /* GameScene.swift */,
				E5A7567327915C900008CCAF /* GameViewController.swift */,
				E5901BCA2799467900D37E38 /* BallBoxViewController.swift */,
				E5A7567527915C900008CCAF /* Main.storyboard */,
				E5A7567827915C920008CCAF /* Assets.xcassets */,
				E5A7567A27915C920008CCAF /* LaunchScreen.storyboard */,
			);
			path = BallsDemo;
			sourceTree = "<group>";
		};
		E5EE8A95279907D00067B022 /* Net */ = {
			isa = PBXGroup;
			children = (
				E5901BC827990C0000D37E38 /* OKNetManager.swift */,
			);
			path = Net;
			sourceTree = "<group>";
		};
		F40FEBED27AA6F8800FC6465 /* Room */ = {
			isa = PBXGroup;
			children = (
				F40FEBEE27AA6FBD00FC6465 /* RoomManager.swift */,
			);
			path = Room;
			sourceTree = "<group>";
		};
		F40FEBF027AB729D00FC6465 /* Model */ = {
			isa = PBXGroup;
			children = (
				F40FEBF327AB7A2100FC6465 /* NodeModel.swift */,
			);
			path = Model;
			sourceTree = "<group>";
		};
		FB7EE275134618F6633E4B32 /* Pods */ = {
			isa = PBXGroup;
			children = (
				7717EB8D3BEF80C2ADE177F0 /* Pods-BallsDemo.debug.xcconfig */,
				3F844E1FB0B1FB2D2D94B268 /* Pods-BallsDemo.release.xcconfig */,
			);
			path = Pods;
			sourceTree = "<group>";
		};
/* End PBXGroup section */

/* Begin PBXNativeTarget section */
		E5A7566727915C900008CCAF /* BallsDemo */ = {
			isa = PBXNativeTarget;
			buildConfigurationList = E5A7567F27915C920008CCAF /* Build configuration list for PBXNativeTarget "BallsDemo" */;
			buildPhases = (
				82B401D6AEEE4509CA4B2E9A /* [CP] Check Pods Manifest.lock */,
				E5A7566427915C900008CCAF /* Sources */,
				E5A7566527915C900008CCAF /* Frameworks */,
				E5A7566627915C900008CCAF /* Resources */,
				27AF07714BCF19F9F0A9E593 /* [CP] Embed Pods Frameworks */,
			);
			buildRules = (
			);
			dependencies = (
			);
			name = BallsDemo;
			productName = BallsDemo;
			productReference = E5A7566827915C900008CCAF /* BallsDemo.app */;
			productType = "com.apple.product-type.application";
		};
/* End PBXNativeTarget section */

/* Begin PBXProject section */
		E5A7566027915C900008CCAF /* Project object */ = {
			isa = PBXProject;
			attributes = {
				BuildIndependentTargetsInParallel = 1;
				LastSwiftUpdateCheck = 1300;
				LastUpgradeCheck = 1300;
				TargetAttributes = {
					E5A7566727915C900008CCAF = {
						CreatedOnToolsVersion = 13.0;
					};
				};
			};
			buildConfigurationList = E5A7566327915C900008CCAF /* Build configuration list for PBXProject "BallsDemo" */;
			compatibilityVersion = "Xcode 8.0";
			developmentRegion = en;
			hasScannedForEncodings = 0;
			knownRegions = (
				en,
				Base,
			);
			mainGroup = E5A7565F27915C900008CCAF;
			productRefGroup = E5A7566927915C900008CCAF /* Products */;
			projectDirPath = "";
			projectRoot = "";
			targets = (
				E5A7566727915C900008CCAF /* BallsDemo */,
			);
		};
/* End PBXProject section */

/* Begin PBXResourcesBuildPhase section */
		E5A7566627915C900008CCAF /* Resources */ = {
			isa = PBXResourcesBuildPhase;
			buildActionMask = 2147483647;
			files = (
				E5A7567727915C900008CCAF /* Main.storyboard in Resources */,
				E5A7566E27915C900008CCAF /* GameScene.sks in Resources */,
				E5E286352797EA3600211429 /* SharpMagic.sks in Resources */,
				E5A7567927915C920008CCAF /* Assets.xcassets in Resources */,
				E5E286342797EA3600211429 /* Fire.sks in Resources */,
				E5E286372797EDCC00211429 /* spark.png in Resources */,
				E5A7567C27915C920008CCAF /* LaunchScreen.storyboard in Resources */,
				E5A7567027915C900008CCAF /* Actions.sks in Resources */,
			);
			runOnlyForDeploymentPostprocessing = 0;
		};
/* End PBXResourcesBuildPhase section */

/* Begin PBXShellScriptBuildPhase section */
		27AF07714BCF19F9F0A9E593 /* [CP] Embed Pods Frameworks */ = {
			isa = PBXShellScriptBuildPhase;
			buildActionMask = 2147483647;
			files = (
			);
			inputPaths = (
				"${PODS_ROOT}/Target Support Files/Pods-BallsDemo/Pods-BallsDemo-frameworks.sh",
				"${BUILT_PRODUCTS_DIR}/CocoaAsyncSocket/CocoaAsyncSocket.framework",
			);
			name = "[CP] Embed Pods Frameworks";
			outputPaths = (
				"${TARGET_BUILD_DIR}/${FRAMEWORKS_FOLDER_PATH}/CocoaAsyncSocket.framework",
			);
			runOnlyForDeploymentPostprocessing = 0;
			shellPath = /bin/sh;
			shellScript = "\"${PODS_ROOT}/Target Support Files/Pods-BallsDemo/Pods-BallsDemo-frameworks.sh\"\n";
			showEnvVarsInLog = 0;
		};
		82B401D6AEEE4509CA4B2E9A /* [CP] Check Pods Manifest.lock */ = {
			isa = PBXShellScriptBuildPhase;
			buildActionMask = 2147483647;
			files = (
			);
			inputFileListPaths = (
			);
			inputPaths = (
				"${PODS_PODFILE_DIR_PATH}/Podfile.lock",
				"${PODS_ROOT}/Manifest.lock",
			);
			name = "[CP] Check Pods Manifest.lock";
			outputFileListPaths = (
			);
			outputPaths = (
				"$(DERIVED_FILE_DIR)/Pods-BallsDemo-checkManifestLockResult.txt",
			);
			runOnlyForDeploymentPostprocessing = 0;
			shellPath = /bin/sh;
			shellScript = "diff \"${PODS_PODFILE_DIR_PATH}/Podfile.lock\" \"${PODS_ROOT}/Manifest.lock\" > /dev/null\nif [ $? != 0 ] ; then\n    # print error to STDERR\n    echo \"error: The sandbox is not in sync with the Podfile.lock. Run 'pod install' or update your CocoaPods installation.\" >&2\n    exit 1\nfi\n# This output is used by Xcode 'outputs' to avoid re-running this script phase.\necho \"SUCCESS\" > \"${SCRIPT_OUTPUT_FILE_0}\"\n";
			showEnvVarsInLog = 0;
		};
/* End PBXShellScriptBuildPhase section */

/* Begin PBXSourcesBuildPhase section */
		E5A7566427915C900008CCAF /* Sources */ = {
			isa = PBXSourcesBuildPhase;
			buildActionMask = 2147483647;
			files = (
				E5901BCB2799467900D37E38 /* BallBoxViewController.swift in Sources */,
				E5A7567227915C900008CCAF /* GameScene.swift in Sources */,
				E5901BC927990C0000D37E38 /* OKNetManager.swift in Sources */,
				E5A7567427915C900008CCAF /* GameViewController.swift in Sources */,
				F40FEBF427AB7A2100FC6465 /* NodeModel.swift in Sources */,
				F40FEBEF27AA6FBD00FC6465 /* RoomManager.swift in Sources */,
				E5A7566C27915C900008CCAF /* AppDelegate.swift in Sources */,
			);
			runOnlyForDeploymentPostprocessing = 0;
		};
/* End PBXSourcesBuildPhase section */

/* Begin PBXVariantGroup section */
		E5A7567527915C900008CCAF /* Main.storyboard */ = {
			isa = PBXVariantGroup;
			children = (
				E5A7567627915C900008CCAF /* Base */,
			);
			name = Main.storyboard;
			sourceTree = "<group>";
		};
		E5A7567A27915C920008CCAF /* LaunchScreen.storyboard */ = {
			isa = PBXVariantGroup;
			children = (
				E5A7567B27915C920008CCAF /* Base */,
			);
			name = LaunchScreen.storyboard;
			sourceTree = "<group>";
		};
/* End PBXVariantGroup section */

/* Begin XCBuildConfiguration section */
		E5A7567D27915C920008CCAF /* Debug */ = {
			isa = XCBuildConfiguration;
			buildSettings = {
				ALWAYS_SEARCH_USER_PATHS = NO;
				CLANG_ANALYZER_NONNULL = YES;
				CLANG_ANALYZER_NUMBER_OBJECT_CONVERSION = YES_AGGRESSIVE;
				CLANG_CXX_LANGUAGE_STANDARD = "gnu++17";
				CLANG_CXX_LIBRARY = "libc++";
				CLANG_ENABLE_MODULES = YES;
				CLANG_ENABLE_OBJC_ARC = YES;
				CLANG_ENABLE_OBJC_WEAK = YES;
				CLANG_WARN_BLOCK_CAPTURE_AUTORELEASING = YES;
				CLANG_WARN_BOOL_CONVERSION = YES;
				CLANG_WARN_COMMA = YES;
				CLANG_WARN_CONSTANT_CONVERSION = YES;
				CLANG_WARN_DEPRECATED_OBJC_IMPLEMENTATIONS = YES;
				CLANG_WARN_DIRECT_OBJC_ISA_USAGE = YES_ERROR;
				CLANG_WARN_DOCUMENTATION_COMMENTS = YES;
				CLANG_WARN_EMPTY_BODY = YES;
				CLANG_WARN_ENUM_CONVERSION = YES;
				CLANG_WARN_INFINITE_RECURSION = YES;
				CLANG_WARN_INT_CONVERSION = YES;
				CLANG_WARN_NON_LITERAL_NULL_CONVERSION = YES;
				CLANG_WARN_OBJC_IMPLICIT_RETAIN_SELF = YES;
				CLANG_WARN_OBJC_LITERAL_CONVERSION = YES;
				CLANG_WARN_OBJC_ROOT_CLASS = YES_ERROR;
				CLANG_WARN_QUOTED_INCLUDE_IN_FRAMEWORK_HEADER = YES;
				CLANG_WARN_RANGE_LOOP_ANALYSIS = YES;
				CLANG_WARN_STRICT_PROTOTYPES = YES;
				CLANG_WARN_SUSPICIOUS_MOVE = YES;
				CLANG_WARN_UNGUARDED_AVAILABILITY = YES_AGGRESSIVE;
				CLANG_WARN_UNREACHABLE_CODE = YES;
				CLANG_WARN__DUPLICATE_METHOD_MATCH = YES;
				COPY_PHASE_STRIP = NO;
				DEBUG_INFORMATION_FORMAT = dwarf;
				ENABLE_STRICT_OBJC_MSGSEND = YES;
				ENABLE_TESTABILITY = YES;
				GCC_C_LANGUAGE_STANDARD = gnu11;
				GCC_DYNAMIC_NO_PIC = NO;
				GCC_NO_COMMON_BLOCKS = YES;
				GCC_OPTIMIZATION_LEVEL = 0;
				GCC_PREPROCESSOR_DEFINITIONS = (
					"DEBUG=1",
					"$(inherited)",
				);
				GCC_WARN_64_TO_32_BIT_CONVERSION = YES;
				GCC_WARN_ABOUT_RETURN_TYPE = YES_ERROR;
				GCC_WARN_UNDECLARED_SELECTOR = YES;
				GCC_WARN_UNINITIALIZED_AUTOS = YES_AGGRESSIVE;
				GCC_WARN_UNUSED_FUNCTION = YES;
				GCC_WARN_UNUSED_VARIABLE = YES;
				IPHONEOS_DEPLOYMENT_TARGET = 15.0;
				MTL_ENABLE_DEBUG_INFO = INCLUDE_SOURCE;
				MTL_FAST_MATH = YES;
				ONLY_ACTIVE_ARCH = YES;
				SDKROOT = iphoneos;
				SWIFT_ACTIVE_COMPILATION_CONDITIONS = DEBUG;
				SWIFT_OPTIMIZATION_LEVEL = "-Onone";
			};
			name = Debug;
		};
		E5A7567E27915C920008CCAF /* Release */ = {
			isa = XCBuildConfiguration;
			buildSettings = {
				ALWAYS_SEARCH_USER_PATHS = NO;
				CLANG_ANALYZER_NONNULL = YES;
				CLANG_ANALYZER_NUMBER_OBJECT_CONVERSION = YES_AGGRESSIVE;
				CLANG_CXX_LANGUAGE_STANDARD = "gnu++17";
				CLANG_CXX_LIBRARY = "libc++";
				CLANG_ENABLE_MODULES = YES;
				CLANG_ENABLE_OBJC_ARC = YES;
				CLANG_ENABLE_OBJC_WEAK = YES;
				CLANG_WARN_BLOCK_CAPTURE_AUTORELEASING = YES;
				CLANG_WARN_BOOL_CONVERSION = YES;
				CLANG_WARN_COMMA = YES;
				CLANG_WARN_CONSTANT_CONVERSION = YES;
				CLANG_WARN_DEPRECATED_OBJC_IMPLEMENTATIONS = YES;
				CLANG_WARN_DIRECT_OBJC_ISA_USAGE = YES_ERROR;
				CLANG_WARN_DOCUMENTATION_COMMENTS = YES;
				CLANG_WARN_EMPTY_BODY = YES;
				CLANG_WARN_ENUM_CONVERSION = YES;
				CLANG_WARN_INFINITE_RECURSION = YES;
				CLANG_WARN_INT_CONVERSION = YES;
				CLANG_WARN_NON_LITERAL_NULL_CONVERSION = YES;
				CLANG_WARN_OBJC_IMPLICIT_RETAIN_SELF = YES;
				CLANG_WARN_OBJC_LITERAL_CONVERSION = YES;
				CLANG_WARN_OBJC_ROOT_CLASS = YES_ERROR;
				CLANG_WARN_QUOTED_INCLUDE_IN_FRAMEWORK_HEADER = YES;
				CLANG_WARN_RANGE_LOOP_ANALYSIS = YES;
				CLANG_WARN_STRICT_PROTOTYPES = YES;
				CLANG_WARN_SUSPICIOUS_MOVE = YES;
				CLANG_WARN_UNGUARDED_AVAILABILITY = YES_AGGRESSIVE;
				CLANG_WARN_UNREACHABLE_CODE = YES;
				CLANG_WARN__DUPLICATE_METHOD_MATCH = YES;
				COPY_PHASE_STRIP = NO;
				DEBUG_INFORMATION_FORMAT = "dwarf-with-dsym";
				ENABLE_NS_ASSERTIONS = NO;
				ENABLE_STRICT_OBJC_MSGSEND = YES;
				GCC_C_LANGUAGE_STANDARD = gnu11;
				GCC_NO_COMMON_BLOCKS = YES;
				GCC_WARN_64_TO_32_BIT_CONVERSION = YES;
				GCC_WARN_ABOUT_RETURN_TYPE = YES_ERROR;
				GCC_WARN_UNDECLARED_SELECTOR = YES;
				GCC_WARN_UNINITIALIZED_AUTOS = YES_AGGRESSIVE;
				GCC_WARN_UNUSED_FUNCTION = YES;
				GCC_WARN_UNUSED_VARIABLE = YES;
				IPHONEOS_DEPLOYMENT_TARGET = 15.0;
				MTL_ENABLE_DEBUG_INFO = NO;
				MTL_FAST_MATH = YES;
				SDKROOT = iphoneos;
				SWIFT_COMPILATION_MODE = wholemodule;
				SWIFT_OPTIMIZATION_LEVEL = "-O";
				VALIDATE_PRODUCT = YES;
			};
			name = Release;
		};
		E5A7568027915C920008CCAF /* Debug */ = {
			isa = XCBuildConfiguration;
			baseConfigurationReference = 7717EB8D3BEF80C2ADE177F0 /* Pods-BallsDemo.debug.xcconfig */;
			buildSettings = {
				ASSETCATALOG_COMPILER_APPICON_NAME = AppIcon;
				ASSETCATALOG_COMPILER_GLOBAL_ACCENT_COLOR_NAME = AccentColor;
				CODE_SIGN_IDENTITY = "iPhone Developer";
				CODE_SIGN_STYLE = Manual;
				CURRENT_PROJECT_VERSION = 1;
				DEVELOPMENT_TEAM = "";
				GENERATE_INFOPLIST_FILE = YES;
				INFOPLIST_KEY_UIApplicationSupportsIndirectInputEvents = YES;
				INFOPLIST_KEY_UILaunchStoryboardName = LaunchScreen;
				INFOPLIST_KEY_UIMainStoryboardFile = Main;
				INFOPLIST_KEY_UIStatusBarHidden = YES;
				INFOPLIST_KEY_UISupportedInterfaceOrientations_iPad = "UIInterfaceOrientationPortrait UIInterfaceOrientationPortraitUpsideDown UIInterfaceOrientationLandscapeLeft UIInterfaceOrientationLandscapeRight";
				INFOPLIST_KEY_UISupportedInterfaceOrientations_iPhone = "UIInterfaceOrientationPortrait UIInterfaceOrientationLandscapeLeft UIInterfaceOrientationLandscapeRight";
				LD_RUNPATH_SEARCH_PATHS = (
					"$(inherited)",
					"@executable_path/Frameworks",
				);
				MARKETING_VERSION = 1.0;
				PRODUCT_BUNDLE_IDENTIFIER = com.snailgames.dnl;
				PRODUCT_NAME = "$(TARGET_NAME)";
				PROVISIONING_PROFILE_SPECIFIER = "";
				SWIFT_EMIT_LOC_STRINGS = YES;
				SWIFT_VERSION = 5.0;
				TARGETED_DEVICE_FAMILY = "1,2";
			};
			name = Debug;
		};
		E5A7568127915C920008CCAF /* Release */ = {
			isa = XCBuildConfiguration;
			baseConfigurationReference = 3F844E1FB0B1FB2D2D94B268 /* Pods-BallsDemo.release.xcconfig */;
			buildSettings = {
				ASSETCATALOG_COMPILER_APPICON_NAME = AppIcon;
				ASSETCATALOG_COMPILER_GLOBAL_ACCENT_COLOR_NAME = AccentColor;
				CODE_SIGN_IDENTITY = "iPhone Distribution";
				CODE_SIGN_STYLE = Manual;
				CURRENT_PROJECT_VERSION = 1;
				DEVELOPMENT_TEAM = WSSN499SLU;
				GENERATE_INFOPLIST_FILE = YES;
				INFOPLIST_KEY_UIApplicationSupportsIndirectInputEvents = YES;
				INFOPLIST_KEY_UILaunchStoryboardName = LaunchScreen;
				INFOPLIST_KEY_UIMainStoryboardFile = Main;
				INFOPLIST_KEY_UIStatusBarHidden = YES;
				INFOPLIST_KEY_UISupportedInterfaceOrientations_iPad = "UIInterfaceOrientationPortrait UIInterfaceOrientationPortraitUpsideDown UIInterfaceOrientationLandscapeLeft UIInterfaceOrientationLandscapeRight";
				INFOPLIST_KEY_UISupportedInterfaceOrientations_iPhone = "UIInterfaceOrientationPortrait UIInterfaceOrientationLandscapeLeft UIInterfaceOrientationLandscapeRight";
				LD_RUNPATH_SEARCH_PATHS = (
					"$(inherited)",
					"@executable_path/Frameworks",
				);
				MARKETING_VERSION = 1.0;
				PRODUCT_BUNDLE_IDENTIFIER = com.snailgames.dnl;
				PRODUCT_NAME = "$(TARGET_NAME)";
				PROVISIONING_PROFILE_SPECIFIER = dnl_Dis;
				SWIFT_EMIT_LOC_STRINGS = YES;
				SWIFT_VERSION = 5.0;
				TARGETED_DEVICE_FAMILY = "1,2";
			};
			name = Release;
		};
/* End XCBuildConfiguration section */

/* Begin XCConfigurationList section */
		E5A7566327915C900008CCAF /* Build configuration list for PBXProject "BallsDemo" */ = {
			isa = XCConfigurationList;
			buildConfigurations = (
				E5A7567D27915C920008CCAF /* Debug */,
				E5A7567E27915C920008CCAF /* Release */,
			);
			defaultConfigurationIsVisible = 0;
			defaultConfigurationName = Release;
		};
		E5A7567F27915C920008CCAF /* Build configuration list for PBXNativeTarget "BallsDemo" */ = {
			isa = XCConfigurationList;
			buildConfigurations = (
				E5A7568027915C920008CCAF /* Debug */,
				E5A7568127915C920008CCAF /* Release */,
			);
			defaultConfigurationIsVisible = 0;
			defaultConfigurationName = Release;
		};
/* End XCConfigurationList section */
	};
	rootObject = E5A7566027915C900008CCAF /* Project object */;
}
